
Microsoft Visual Studio Solution File, Format Version 12.00
# Visual Studio Version 17
VisualStudioVersion = 17.6.33829.357
MinimumVisualStudioVersion = 10.0.40219.1
Project("{9A19103F-16F7-4668-BE54-9A1E7A4F7556}") = "Cerceve", "odevcerceve\Cerceve.csproj", "{8891BB73-CD0C-4531-AD31-7DD81F59ECB5}"
EndProject
Global
	GlobalSection(SolutionConfigurationPlatforms) = preSolution
		Debug|Any CPU = Debug|Any CPU
		Release|Any CPU = Release|Any CPU
	EndGlobalSection
	GlobalSection(ProjectConfigurationPlatforms) = postSolution
		{8891BB73-CD0C-4531-AD31-7DD81F59ECB5}.Debug|Any CPU.ActiveCfg = Debug|Any CPU
		{8891BB73-CD0C-4531-AD31-7DD81F59ECB5}.Debug|Any CPU.Build.0 = Debug|Any CPU
		{8891BB73-CD0C-4531-AD31-7DD81F59ECB5}.Release|Any CPU.ActiveCfg = Release|Any CPU
		{8891BB73-CD0C-4531-AD31-7DD81F59ECB5}.Release|Any CPU.Build.0 = Release|Any CPU
	EndGlobalSection
	GlobalSection(SolutionProperties) = preSolution
		HideSolutionNode = FALSE
	EndGlobalSection
	GlobalSection(ExtensibilityGlobals) = postSolution
		SolutionGuid = {C29134A9-B71E-48BF-9A57-A0411B1BF0F4}
	EndGlobalSection
EndGlobal
